
Microsoft Visual Studio Solution File, Format Version 12.00
# Visual Studio Version 17
VisualStudioVersion = 17.0.31903.59
MinimumVisualStudioVersion = 10.0.40219.1
Project("{2150E333-8FDC-42A3-9474-1A3956D46DE8}") = "src", "src", "{6570360F-94AC-4D4B-A6E8-57376DD778CD}"
EndProject
Project("{2150E333-8FDC-42A3-9474-1A3956D46DE8}") = "core", "core", "{BD267BA7-DFCC-4112-9F60-C6508F960F56}"
EndProject
Project("{9A19103F-16F7-4668-BE54-9A1E7A4F7556}") = "Payment.Domain", "src\core\Payment.Domain\Payment.Domain.csproj", "{E15DFDBF-1FFE-4F12-815A-57E1DC0754FC}"
EndProject
Project("{9A19103F-16F7-4668-BE54-9A1E7A4F7556}") = "Payment.Application", "src\core\Payment.Application\Payment.Application.csproj", "{4DA3032A-0472-4EE9-861D-61B4FB67D638}"
EndProject
Project("{2150E333-8FDC-42A3-9474-1A3956D46DE8}") = "infrastructure", "infrastructure", "{1D6E79A1-10A2-4FFA-B5CB-B8D0DCE83F8A}"
EndProject
Project("{9A19103F-16F7-4668-BE54-9A1E7A4F7556}") = "Payment.Persistence", "src\infrastructure\Payment.Persistence\Payment.Persistence.csproj", "{85A7FDDD-59F3-4251-9AE9-1ADCD10ACBE5}"
EndProject
Project("{2150E333-8FDC-42A3-9474-1A3956D46DE8}") = "pre", "pre", "{2F06A650-720D-46C7-9A0F-3554BA2CE489}"
EndProject
Project("{9A19103F-16F7-4668-BE54-9A1E7A4F7556}") = "PaymentApi", "src\pre\PaymentApi\PaymentApi.csproj", "{4477C817-660E-4279-A641-5E1C2B5E6A02}"
EndProject
Project("{2150E333-8FDC-42A3-9474-1A3956D46DE8}") = "shared", "shared", "{BDA2250F-F6AB-4E10-9CFC-095F96BA7C10}"
EndProject
Project("{9A19103F-16F7-4668-BE54-9A1E7A4F7556}") = "Payment.Utils", "src\shared\Payment.Utils\Payment.Utils.csproj", "{6A333752-C853-415F-B49D-58935F0A9B69}"
EndProject
Global
	GlobalSection(SolutionConfigurationPlatforms) = preSolution
		Debug|Any CPU = Debug|Any CPU
		Release|Any CPU = Release|Any CPU
	EndGlobalSection
	GlobalSection(ProjectConfigurationPlatforms) = postSolution
		{E15DFDBF-1FFE-4F12-815A-57E1DC0754FC}.Debug|Any CPU.ActiveCfg = Debug|Any CPU
		{E15DFDBF-1FFE-4F12-815A-57E1DC0754FC}.Debug|Any CPU.Build.0 = Debug|Any CPU
		{E15DFDBF-1FFE-4F12-815A-57E1DC0754FC}.Release|Any CPU.ActiveCfg = Release|Any CPU
		{E15DFDBF-1FFE-4F12-815A-57E1DC0754FC}.Release|Any CPU.Build.0 = Release|Any CPU
		{4DA3032A-0472-4EE9-861D-61B4FB67D638}.Debug|Any CPU.ActiveCfg = Debug|Any CPU
		{4DA3032A-0472-4EE9-861D-61B4FB67D638}.Debug|Any CPU.Build.0 = Debug|Any CPU
		{4DA3032A-0472-4EE9-861D-61B4FB67D638}.Release|Any CPU.ActiveCfg = Release|Any CPU
		{4DA3032A-0472-4EE9-861D-61B4FB67D638}.Release|Any CPU.Build.0 = Release|Any CPU
		{85A7FDDD-59F3-4251-9AE9-1ADCD10ACBE5}.Debug|Any CPU.ActiveCfg = Debug|Any CPU
		{85A7FDDD-59F3-4251-9AE9-1ADCD10ACBE5}.Debug|Any CPU.Build.0 = Debug|Any CPU
		{85A7FDDD-59F3-4251-9AE9-1ADCD10ACBE5}.Release|Any CPU.ActiveCfg = Release|Any CPU
		{85A7FDDD-59F3-4251-9AE9-1ADCD10ACBE5}.Release|Any CPU.Build.0 = Release|Any CPU
		{4477C817-660E-4279-A641-5E1C2B5E6A02}.Debug|Any CPU.ActiveCfg = Debug|Any CPU
		{4477C817-660E-4279-A641-5E1C2B5E6A02}.Debug|Any CPU.Build.0 = Debug|Any CPU
		{4477C817-660E-4279-A641-5E1C2B5E6A02}.Release|Any CPU.ActiveCfg = Release|Any CPU
		{4477C817-660E-4279-A641-5E1C2B5E6A02}.Release|Any CPU.Build.0 = Release|Any CPU
		{6A333752-C853-415F-B49D-58935F0A9B69}.Debug|Any CPU.ActiveCfg = Debug|Any CPU
		{6A333752-C853-415F-B49D-58935F0A9B69}.Debug|Any CPU.Build.0 = Debug|Any CPU
		{6A333752-C853-415F-B49D-58935F0A9B69}.Release|Any CPU.ActiveCfg = Release|Any CPU
		{6A333752-C853-415F-B49D-58935F0A9B69}.Release|Any CPU.Build.0 = Release|Any CPU
	EndGlobalSection
	GlobalSection(SolutionProperties) = preSolution
		HideSolutionNode = FALSE
	EndGlobalSection
	GlobalSection(NestedProjects) = preSolution
		{BD267BA7-DFCC-4112-9F60-C6508F960F56} = {6570360F-94AC-4D4B-A6E8-57376DD778CD}
		{E15DFDBF-1FFE-4F12-815A-57E1DC0754FC} = {BD267BA7-DFCC-4112-9F60-C6508F960F56}
		{4DA3032A-0472-4EE9-861D-61B4FB67D638} = {BD267BA7-DFCC-4112-9F60-C6508F960F56}
		{1D6E79A1-10A2-4FFA-B5CB-B8D0DCE83F8A} = {6570360F-94AC-4D4B-A6E8-57376DD778CD}
		{85A7FDDD-59F3-4251-9AE9-1ADCD10ACBE5} = {1D6E79A1-10A2-4FFA-B5CB-B8D0DCE83F8A}
		{2F06A650-720D-46C7-9A0F-3554BA2CE489} = {6570360F-94AC-4D4B-A6E8-57376DD778CD}
		{4477C817-660E-4279-A641-5E1C2B5E6A02} = {2F06A650-720D-46C7-9A0F-3554BA2CE489}
		{BDA2250F-F6AB-4E10-9CFC-095F96BA7C10} = {6570360F-94AC-4D4B-A6E8-57376DD778CD}
		{6A333752-C853-415F-B49D-58935F0A9B69} = {BDA2250F-F6AB-4E10-9CFC-095F96BA7C10}
	EndGlobalSection
EndGlobal
